
Microsoft Visual Studio Solution File, Format Version 12.00
# Visual Studio Version 16
VisualStudioVersion = 16.0.31205.134
MinimumVisualStudioVersion = 10.0.40219.1
Project("{FAE04EC0-301F-11D3-BF4B-00C04F79EFBC}") = "WPF41P", "проект wpf 4 курс\WPF41P.csproj", "{3DBF22F7-DD7F-44A9-ADBB-F85A3012E39C}"
EndProject
Project("{FAE04EC0-301F-11D3-BF4B-00C04F79EFBC}") = "DLL", "DLL\DLL.csproj", "{CD339B27-41C0-45CB-913F-40EB090A3CD0}"
EndProject
Global
	GlobalSection(SolutionConfigurationPlatforms) = preSolution
		Debug|Any CPU = Debug|Any CPU
		Release|Any CPU = Release|Any CPU
	EndGlobalSection
	GlobalSection(ProjectConfigurationPlatforms) = postSolution
		{3DBF22F7-DD7F-44A9-ADBB-F85A3012E39C}.Debug|Any CPU.ActiveCfg = Debug|Any CPU
		{3DBF22F7-DD7F-44A9-ADBB-F85A3012E39C}.Debug|Any CPU.Build.0 = Debug|Any CPU
		{3DBF22F7-DD7F-44A9-ADBB-F85A3012E39C}.Release|Any CPU.ActiveCfg = Release|Any CPU
		{3DBF22F7-DD7F-44A9-ADBB-F85A3012E39C}.Release|Any CPU.Build.0 = Release|Any CPU
		{CD339B27-41C0-45CB-913F-40EB090A3CD0}.Debug|Any CPU.ActiveCfg = Debug|Any CPU
		{CD339B27-41C0-45CB-913F-40EB090A3CD0}.Debug|Any CPU.Build.0 = Debug|Any CPU
		{CD339B27-41C0-45CB-913F-40EB090A3CD0}.Release|Any CPU.ActiveCfg = Release|Any CPU
		{CD339B27-41C0-45CB-913F-40EB090A3CD0}.Release|Any CPU.Build.0 = Release|Any CPU
	EndGlobalSection
	GlobalSection(SolutionProperties) = preSolution
		HideSolutionNode = FALSE
	EndGlobalSection
	GlobalSection(ExtensibilityGlobals) = postSolution
		SolutionGuid = {238CFE73-02B3-4B5F-83BD-3F992B7F5F90}
	EndGlobalSection
EndGlobal
